
Microsoft Visual Studio Solution File, Format Version 12.00
# Visual Studio Version 17
VisualStudioVersion = 17.8.34330.188
MinimumVisualStudioVersion = 10.0.40219.1
Project("{9A19103F-16F7-4668-BE54-9A1E7A4F7556}") = "QuickLaunch", "QuickLaunch.csproj", "{70A06FE1-43EC-4C0A-B3CD-972B5217BC5A}"
EndProject
Global
	GlobalSection(SolutionConfigurationPlatforms) = preSolution
		Debug|Any CPU = Debug|Any CPU
		Release|Any CPU = Release|Any CPU
	EndGlobalSection
	GlobalSection(ProjectConfigurationPlatforms) = postSolution
		{70A06FE1-43EC-4C0A-B3CD-972B5217BC5A}.Debug|Any CPU.ActiveCfg = Debug|Any CPU
		{70A06FE1-43EC-4C0A-B3CD-972B5217BC5A}.Debug|Any CPU.Build.0 = Debug|Any CPU
		{70A06FE1-43EC-4C0A-B3CD-972B5217BC5A}.Release|Any CPU.ActiveCfg = Release|Any CPU
		{70A06FE1-43EC-4C0A-B3CD-972B5217BC5A}.Release|Any CPU.Build.0 = Release|Any CPU
	EndGlobalSection
	GlobalSection(SolutionProperties) = preSolution
		HideSolutionNode = FALSE
	EndGlobalSection
	GlobalSection(ExtensibilityGlobals) = postSolution
		SolutionGuid = {55C04170-E567-420A-B8D5-E8546BDA27D6}
	EndGlobalSection
EndGlobal
